
Microsoft Visual Studio Solution File, Format Version 12.00
# Visual Studio Version 17
VisualStudioVersion = 17.8.34330.188
MinimumVisualStudioVersion = 10.0.40219.1
Project("{9A19103F-16F7-4668-BE54-9A1E7A4F7556}") = "DiffieHellman", "DiffieHellman.csproj", "{1A65CA64-FF98-418F-8E7C-C06E43552D5D}"
EndProject
Project("{FAE04EC0-301F-11D3-BF4B-00C04F79EFBC}") = "P2PMessage", "..\P2PMessage\P2PMessage.csproj", "{7D6B4369-3CE5-4FE4-9EEA-B525235ACD15}"
EndProject
Global
	GlobalSection(SolutionConfigurationPlatforms) = preSolution
		Debug|Any CPU = Debug|Any CPU
		Release|Any CPU = Release|Any CPU
	EndGlobalSection
	GlobalSection(ProjectConfigurationPlatforms) = postSolution
		{1A65CA64-FF98-418F-8E7C-C06E43552D5D}.Debug|Any CPU.ActiveCfg = Debug|Any CPU
		{1A65CA64-FF98-418F-8E7C-C06E43552D5D}.Debug|Any CPU.Build.0 = Debug|Any CPU
		{1A65CA64-FF98-418F-8E7C-C06E43552D5D}.Release|Any CPU.ActiveCfg = Release|Any CPU
		{1A65CA64-FF98-418F-8E7C-C06E43552D5D}.Release|Any CPU.Build.0 = Release|Any CPU
		{7D6B4369-3CE5-4FE4-9EEA-B525235ACD15}.Debug|Any CPU.ActiveCfg = Debug|Any CPU
		{7D6B4369-3CE5-4FE4-9EEA-B525235ACD15}.Debug|Any CPU.Build.0 = Debug|Any CPU
		{7D6B4369-3CE5-4FE4-9EEA-B525235ACD15}.Release|Any CPU.ActiveCfg = Release|Any CPU
		{7D6B4369-3CE5-4FE4-9EEA-B525235ACD15}.Release|Any CPU.Build.0 = Release|Any CPU
	EndGlobalSection
	GlobalSection(SolutionProperties) = preSolution
		HideSolutionNode = FALSE
	EndGlobalSection
	GlobalSection(ExtensibilityGlobals) = postSolution
		SolutionGuid = {20B38A95-035A-4877-B661-CFEFB7B87153}
	EndGlobalSection
EndGlobal
